
Microsoft Visual Studio Solution File, Format Version 12.00
# Visual Studio Version 17
VisualStudioVersion = 17.2.32526.322
MinimumVisualStudioVersion = 10.0.40219.1
Project("{FAE04EC0-301F-11D3-BF4B-00C04F79EFBC}") = "FP2ISW-411", "FP2ISW-411\FP2ISW-411.csproj", "{5DFD98EA-BED5-4912-A8E6-9893E918F4F9}"
EndProject
Global
	GlobalSection(SolutionConfigurationPlatforms) = preSolution
		Debug|Any CPU = Debug|Any CPU
		Release|Any CPU = Release|Any CPU
	EndGlobalSection
	GlobalSection(ProjectConfigurationPlatforms) = postSolution
		{5DFD98EA-BED5-4912-A8E6-9893E918F4F9}.Debug|Any CPU.ActiveCfg = Debug|Any CPU
		{5DFD98EA-BED5-4912-A8E6-9893E918F4F9}.Debug|Any CPU.Build.0 = Debug|Any CPU
		{5DFD98EA-BED5-4912-A8E6-9893E918F4F9}.Release|Any CPU.ActiveCfg = Release|Any CPU
		{5DFD98EA-BED5-4912-A8E6-9893E918F4F9}.Release|Any CPU.Build.0 = Release|Any CPU
	EndGlobalSection
	GlobalSection(SolutionProperties) = preSolution
		HideSolutionNode = FALSE
	EndGlobalSection
	GlobalSection(ExtensibilityGlobals) = postSolution
		SolutionGuid = {1CC6AFC0-3B44-417B-8D86-A0B10C41DE16}
	EndGlobalSection
EndGlobal
